
Microsoft Visual Studio Solution File, Format Version 12.00
# Visual Studio Version 17
VisualStudioVersion = 17.10.34916.146
MinimumVisualStudioVersion = 10.0.40219.1
Project("{FAE04EC0-301F-11D3-BF4B-00C04F79EFBC}") = "AS#3", "AS#3.csproj", "{6ACC61A6-5568-4676-83A3-E4CF1988BFBD}"
EndProject
Global
	GlobalSection(SolutionConfigurationPlatforms) = preSolution
		Debug|Any CPU = Debug|Any CPU
		Release|Any CPU = Release|Any CPU
	EndGlobalSection
	GlobalSection(ProjectConfigurationPlatforms) = postSolution
		{6ACC61A6-5568-4676-83A3-E4CF1988BFBD}.Debug|Any CPU.ActiveCfg = Debug|Any CPU
		{6ACC61A6-5568-4676-83A3-E4CF1988BFBD}.Debug|Any CPU.Build.0 = Debug|Any CPU
		{6ACC61A6-5568-4676-83A3-E4CF1988BFBD}.Release|Any CPU.ActiveCfg = Release|Any CPU
		{6ACC61A6-5568-4676-83A3-E4CF1988BFBD}.Release|Any CPU.Build.0 = Release|Any CPU
	EndGlobalSection
	GlobalSection(SolutionProperties) = preSolution
		HideSolutionNode = FALSE
	EndGlobalSection
	GlobalSection(ExtensibilityGlobals) = postSolution
		SolutionGuid = {5F6C9B99-5753-42EC-A647-AF48000E420E}
	EndGlobalSection
EndGlobal
